
Microsoft Visual Studio Solution File, Format Version 11.00
# Visual Studio 2010
Project("{FAE04EC0-301F-11D3-BF4B-00C04F79EFBC}") = "VoxelEngine", "Assembly-CSharp-firstpass.csproj", "{8BF36B60-2B4B-3D3D-23D6-9F1D82716EFE}"
EndProject
Project("{FAE04EC0-301F-11D3-BF4B-00C04F79EFBC}") = "VoxelEngine", "Assembly-CSharp.csproj", "{62F0C4D0-BFE6-8F64-60D3-30C5BDBED4D1}"
EndProject
Project("{FAE04EC0-301F-11D3-BF4B-00C04F79EFBC}") = "VoxelEngine", "Assembly-CSharp-Editor-firstpass.csproj", "{C2CA534F-1402-ED2E-1513-8AF001D35D3C}"
EndProject
Global
	GlobalSection(SolutionConfigurationPlatforms) = preSolution
		Debug|Any CPU = Debug|Any CPU
		Release|Any CPU = Release|Any CPU
	EndGlobalSection
	GlobalSection(ProjectConfigurationPlatforms) = postSolution
		{8BF36B60-2B4B-3D3D-23D6-9F1D82716EFE}.Debug|Any CPU.ActiveCfg = Debug|Any CPU
		{8BF36B60-2B4B-3D3D-23D6-9F1D82716EFE}.Debug|Any CPU.Build.0 = Debug|Any CPU
		{8BF36B60-2B4B-3D3D-23D6-9F1D82716EFE}.Release|Any CPU.ActiveCfg = Release|Any CPU
		{8BF36B60-2B4B-3D3D-23D6-9F1D82716EFE}.Release|Any CPU.Build.0 = Release|Any CPU
		{62F0C4D0-BFE6-8F64-60D3-30C5BDBED4D1}.Debug|Any CPU.ActiveCfg = Debug|Any CPU
		{62F0C4D0-BFE6-8F64-60D3-30C5BDBED4D1}.Debug|Any CPU.Build.0 = Debug|Any CPU
		{62F0C4D0-BFE6-8F64-60D3-30C5BDBED4D1}.Release|Any CPU.ActiveCfg = Release|Any CPU
		{62F0C4D0-BFE6-8F64-60D3-30C5BDBED4D1}.Release|Any CPU.Build.0 = Release|Any CPU
		{C2CA534F-1402-ED2E-1513-8AF001D35D3C}.Debug|Any CPU.ActiveCfg = Debug|Any CPU
		{C2CA534F-1402-ED2E-1513-8AF001D35D3C}.Debug|Any CPU.Build.0 = Debug|Any CPU
		{C2CA534F-1402-ED2E-1513-8AF001D35D3C}.Release|Any CPU.ActiveCfg = Release|Any CPU
		{C2CA534F-1402-ED2E-1513-8AF001D35D3C}.Release|Any CPU.Build.0 = Release|Any CPU
	EndGlobalSection
	GlobalSection(SolutionProperties) = preSolution
		HideSolutionNode = FALSE
	EndGlobalSection
	GlobalSection(MonoDevelopProperties) = preSolution
		StartupItem = Assembly-CSharp.csproj
	EndGlobalSection
EndGlobal
